
Microsoft Visual Studio Solution File, Format Version 12.00
# Visual Studio Version 17
VisualStudioVersion = 17.0.32112.339
MinimumVisualStudioVersion = 10.0.40219.1
Project("{FAE04EC0-301F-11D3-BF4B-00C04F79EFBC}") = "ZhaoXi.Controls", "ZhaoXi.Controls\ZhaoXi.Controls.csproj", "{441C416B-8464-4066-9EED-5BD15EF7070E}"
EndProject
Project("{FAE04EC0-301F-11D3-BF4B-00C04F79EFBC}") = "Zhaoxi.CourseManagement", "Zhaoxi.CourseManagement\Zhaoxi.CourseManagement.csproj", "{5DFB94D6-D662-42C7-A67A-A5A65736169A}"
EndProject
Project("{FAE04EC0-301F-11D3-BF4B-00C04F79EFBC}") = "WPFTest", "WPFTest\WPFTest.csproj", "{38256539-33CA-4FDE-85D5-219408CAF6ED}"
EndProject
Project("{2150E333-8FDC-42A3-9474-1A3956D46DE8}") = "Solution Items", "Solution Items", "{6016339D-7852-48F5-9163-EFD0A5B9367E}"
	ProjectSection(SolutionItems) = preProject
		.editorconfig = .editorconfig
		README.md = README.md
	EndProjectSection
EndProject
Project("{FAE04EC0-301F-11D3-BF4B-00C04F79EFBC}") = "ZhaoXi.Industrial", "ZhaoXi.Industrial\ZhaoXi.Industrial.csproj", "{BB74FFCD-B453-476D-833B-8FF256C4EFDD}"
EndProject
Project("{FAE04EC0-301F-11D3-BF4B-00C04F79EFBC}") = "ZhaoXi.Communication", "ZhaoXi.Communication\ZhaoXi.Communication.csproj", "{EB2751E7-E559-4C64-B3B0-B9BF629D53C9}"
EndProject
Project("{2150E333-8FDC-42A3-9474-1A3956D46DE8}") = "Client", "Client", "{AFEA7B7B-AE8A-4C89-9B27-C35FE4564F28}"
EndProject
Project("{2150E333-8FDC-42A3-9474-1A3956D46DE8}") = "Server", "Server", "{F2746ACA-0404-427C-953E-562A6D2B263F}"
EndProject
Project("{2150E333-8FDC-42A3-9474-1A3956D46DE8}") = "1.Start", "1.Start", "{60FF09EB-8029-4B97-A30A-740EFA2C2CE7}"
EndProject
Project("{2150E333-8FDC-42A3-9474-1A3956D46DE8}") = "2.Modules", "2.Modules", "{C0A6A49B-268B-4D22-AE9C-41C433269FB5}"
EndProject
Project("{2150E333-8FDC-42A3-9474-1A3956D46DE8}") = "3.BLL", "3.BLL", "{589D1AF6-261A-4AF9-ABB3-AE02A2314239}"
EndProject
Project("{2150E333-8FDC-42A3-9474-1A3956D46DE8}") = "4.DLL", "4.DLL", "{51A069DA-BC86-49D1-9917-E8ED82F865BA}"
EndProject
Project("{2150E333-8FDC-42A3-9474-1A3956D46DE8}") = "5.Entity", "5.Entity", "{7E9AE774-F4A8-4499-9BBE-C54C09D0B8AE}"
EndProject
Project("{2150E333-8FDC-42A3-9474-1A3956D46DE8}") = "6.Common", "6.Common", "{2010CE33-784B-4A17-B9A3-4E238F3C13E4}"
EndProject
Project("{2150E333-8FDC-42A3-9474-1A3956D46DE8}") = "1.Start", "1.Start", "{BB37F148-906E-444D-8FC9-6B1D32B3467B}"
EndProject
Project("{2150E333-8FDC-42A3-9474-1A3956D46DE8}") = "2.Service", "2.Service", "{F3FD4180-76BA-4AB3-87B3-BBFF6B2CE53D}"
EndProject
Project("{2150E333-8FDC-42A3-9474-1A3956D46DE8}") = "3.DAL", "3.DAL", "{63C25387-8847-4350-ADD8-6ACCD2794A65}"
EndProject
Project("{2150E333-8FDC-42A3-9474-1A3956D46DE8}") = "4.Common", "4.Common", "{4527BB49-EA8E-45DE-B1FC-0AF8C61EE074}"
EndProject
Project("{FAE04EC0-301F-11D3-BF4B-00C04F79EFBC}") = "Zhaoxi.SmartParking.Server.Start", "Server\Zhaoxi.SmartParking.Server.Start\Zhaoxi.SmartParking.Server.Start.csproj", "{95EB505A-5E92-49FF-BCB2-324FCC4210CD}"
EndProject
Global
	GlobalSection(SolutionConfigurationPlatforms) = preSolution
		Debug|Any CPU = Debug|Any CPU
		Release|Any CPU = Release|Any CPU
	EndGlobalSection
	GlobalSection(ProjectConfigurationPlatforms) = postSolution
		{441C416B-8464-4066-9EED-5BD15EF7070E}.Debug|Any CPU.ActiveCfg = Debug|Any CPU
		{441C416B-8464-4066-9EED-5BD15EF7070E}.Debug|Any CPU.Build.0 = Debug|Any CPU
		{441C416B-8464-4066-9EED-5BD15EF7070E}.Release|Any CPU.ActiveCfg = Release|Any CPU
		{441C416B-8464-4066-9EED-5BD15EF7070E}.Release|Any CPU.Build.0 = Release|Any CPU
		{5DFB94D6-D662-42C7-A67A-A5A65736169A}.Debug|Any CPU.ActiveCfg = Debug|Any CPU
		{5DFB94D6-D662-42C7-A67A-A5A65736169A}.Debug|Any CPU.Build.0 = Debug|Any CPU
		{5DFB94D6-D662-42C7-A67A-A5A65736169A}.Release|Any CPU.ActiveCfg = Release|Any CPU
		{5DFB94D6-D662-42C7-A67A-A5A65736169A}.Release|Any CPU.Build.0 = Release|Any CPU
		{38256539-33CA-4FDE-85D5-219408CAF6ED}.Debug|Any CPU.ActiveCfg = Debug|Any CPU
		{38256539-33CA-4FDE-85D5-219408CAF6ED}.Debug|Any CPU.Build.0 = Debug|Any CPU
		{38256539-33CA-4FDE-85D5-219408CAF6ED}.Release|Any CPU.ActiveCfg = Release|Any CPU
		{38256539-33CA-4FDE-85D5-219408CAF6ED}.Release|Any CPU.Build.0 = Release|Any CPU
		{BB74FFCD-B453-476D-833B-8FF256C4EFDD}.Debug|Any CPU.ActiveCfg = Debug|Any CPU
		{BB74FFCD-B453-476D-833B-8FF256C4EFDD}.Debug|Any CPU.Build.0 = Debug|Any CPU
		{BB74FFCD-B453-476D-833B-8FF256C4EFDD}.Release|Any CPU.ActiveCfg = Release|Any CPU
		{BB74FFCD-B453-476D-833B-8FF256C4EFDD}.Release|Any CPU.Build.0 = Release|Any CPU
		{EB2751E7-E559-4C64-B3B0-B9BF629D53C9}.Debug|Any CPU.ActiveCfg = Debug|Any CPU
		{EB2751E7-E559-4C64-B3B0-B9BF629D53C9}.Debug|Any CPU.Build.0 = Debug|Any CPU
		{EB2751E7-E559-4C64-B3B0-B9BF629D53C9}.Release|Any CPU.ActiveCfg = Release|Any CPU
		{EB2751E7-E559-4C64-B3B0-B9BF629D53C9}.Release|Any CPU.Build.0 = Release|Any CPU
		{95EB505A-5E92-49FF-BCB2-324FCC4210CD}.Debug|Any CPU.ActiveCfg = Debug|Any CPU
		{95EB505A-5E92-49FF-BCB2-324FCC4210CD}.Debug|Any CPU.Build.0 = Debug|Any CPU
		{95EB505A-5E92-49FF-BCB2-324FCC4210CD}.Release|Any CPU.ActiveCfg = Release|Any CPU
		{95EB505A-5E92-49FF-BCB2-324FCC4210CD}.Release|Any CPU.Build.0 = Release|Any CPU
	EndGlobalSection
	GlobalSection(SolutionProperties) = preSolution
		HideSolutionNode = FALSE
	EndGlobalSection
	GlobalSection(NestedProjects) = preSolution
		{60FF09EB-8029-4B97-A30A-740EFA2C2CE7} = {AFEA7B7B-AE8A-4C89-9B27-C35FE4564F28}
		{C0A6A49B-268B-4D22-AE9C-41C433269FB5} = {AFEA7B7B-AE8A-4C89-9B27-C35FE4564F28}
		{589D1AF6-261A-4AF9-ABB3-AE02A2314239} = {AFEA7B7B-AE8A-4C89-9B27-C35FE4564F28}
		{51A069DA-BC86-49D1-9917-E8ED82F865BA} = {AFEA7B7B-AE8A-4C89-9B27-C35FE4564F28}
		{7E9AE774-F4A8-4499-9BBE-C54C09D0B8AE} = {AFEA7B7B-AE8A-4C89-9B27-C35FE4564F28}
		{2010CE33-784B-4A17-B9A3-4E238F3C13E4} = {AFEA7B7B-AE8A-4C89-9B27-C35FE4564F28}
		{BB37F148-906E-444D-8FC9-6B1D32B3467B} = {F2746ACA-0404-427C-953E-562A6D2B263F}
		{F3FD4180-76BA-4AB3-87B3-BBFF6B2CE53D} = {F2746ACA-0404-427C-953E-562A6D2B263F}
		{63C25387-8847-4350-ADD8-6ACCD2794A65} = {F2746ACA-0404-427C-953E-562A6D2B263F}
		{4527BB49-EA8E-45DE-B1FC-0AF8C61EE074} = {F2746ACA-0404-427C-953E-562A6D2B263F}
		{95EB505A-5E92-49FF-BCB2-324FCC4210CD} = {BB37F148-906E-444D-8FC9-6B1D32B3467B}
	EndGlobalSection
	GlobalSection(ExtensibilityGlobals) = postSolution
		SolutionGuid = {26F84C85-5206-4B6A-9A9B-CAC4F3013435}
	EndGlobalSection
EndGlobal
