
Microsoft Visual Studio Solution File, Format Version 12.00
# Visual Studio Version 16
VisualStudioVersion = 16.0.32510.428
MinimumVisualStudioVersion = 10.0.40219.1
Project("{FAE04EC0-301F-11D3-BF4B-00C04F79EFBC}") = "ZhaoXi.Controls", "ZhaoXi.Controls\ZhaoXi.Controls.csproj", "{441C416B-8464-4066-9EED-5BD15EF7070E}"
EndProject
Project("{FAE04EC0-301F-11D3-BF4B-00C04F79EFBC}") = "Zhaoxi.CourseManagement", "Zhaoxi.CourseManagement\Zhaoxi.CourseManagement.csproj", "{5DFB94D6-D662-42C7-A67A-A5A65736169A}"
EndProject
Project("{FAE04EC0-301F-11D3-BF4B-00C04F79EFBC}") = "WPFTest", "WPFTest\WPFTest.csproj", "{38256539-33CA-4FDE-85D5-219408CAF6ED}"
EndProject
Project("{2150E333-8FDC-42A3-9474-1A3956D46DE8}") = "Solution Items", "Solution Items", "{6016339D-7852-48F5-9163-EFD0A5B9367E}"
	ProjectSection(SolutionItems) = preProject
		.editorconfig = .editorconfig
		README.md = README.md
	EndProjectSection
EndProject
Project("{FAE04EC0-301F-11D3-BF4B-00C04F79EFBC}") = "ZhaoXi.Industrial", "ZhaoXi.Industrial\ZhaoXi.Industrial.csproj", "{BB74FFCD-B453-476D-833B-8FF256C4EFDD}"
EndProject
Project("{FAE04EC0-301F-11D3-BF4B-00C04F79EFBC}") = "ZhaoXi.Communication", "ZhaoXi.Communication\ZhaoXi.Communication.csproj", "{EB2751E7-E559-4C64-B3B0-B9BF629D53C9}"
EndProject
Project("{2150E333-8FDC-42A3-9474-1A3956D46DE8}") = "Client", "Client", "{AFEA7B7B-AE8A-4C89-9B27-C35FE4564F28}"
EndProject
Project("{2150E333-8FDC-42A3-9474-1A3956D46DE8}") = "Server", "Server", "{F2746ACA-0404-427C-953E-562A6D2B263F}"
EndProject
Project("{2150E333-8FDC-42A3-9474-1A3956D46DE8}") = "1.Start", "1.Start", "{60FF09EB-8029-4B97-A30A-740EFA2C2CE7}"
EndProject
Project("{2150E333-8FDC-42A3-9474-1A3956D46DE8}") = "2.Modules", "2.Modules", "{C0A6A49B-268B-4D22-AE9C-41C433269FB5}"
EndProject
Project("{2150E333-8FDC-42A3-9474-1A3956D46DE8}") = "3.BLL", "3.BLL", "{589D1AF6-261A-4AF9-ABB3-AE02A2314239}"
EndProject
Project("{2150E333-8FDC-42A3-9474-1A3956D46DE8}") = "4.DAL", "4.DAL", "{51A069DA-BC86-49D1-9917-E8ED82F865BA}"
EndProject
Project("{2150E333-8FDC-42A3-9474-1A3956D46DE8}") = "5.Entity", "5.Entity", "{7E9AE774-F4A8-4499-9BBE-C54C09D0B8AE}"
EndProject
Project("{2150E333-8FDC-42A3-9474-1A3956D46DE8}") = "6.Common", "6.Common", "{2010CE33-784B-4A17-B9A3-4E238F3C13E4}"
EndProject
Project("{2150E333-8FDC-42A3-9474-1A3956D46DE8}") = "1.Start", "1.Start", "{BB37F148-906E-444D-8FC9-6B1D32B3467B}"
EndProject
Project("{2150E333-8FDC-42A3-9474-1A3956D46DE8}") = "2.Service", "2.Service", "{F3FD4180-76BA-4AB3-87B3-BBFF6B2CE53D}"
EndProject
Project("{2150E333-8FDC-42A3-9474-1A3956D46DE8}") = "3.DAL", "3.DAL", "{63C25387-8847-4350-ADD8-6ACCD2794A65}"
EndProject
Project("{2150E333-8FDC-42A3-9474-1A3956D46DE8}") = "4.Common", "4.Common", "{4527BB49-EA8E-45DE-B1FC-0AF8C61EE074}"
EndProject
Project("{9A19103F-16F7-4668-BE54-9A1E7A4F7556}") = "Zhaoxi.SmartParking.Server.Start", "Server\Zhaoxi.SmartParking.Server.Start\Zhaoxi.SmartParking.Server.Start.csproj", "{95EB505A-5E92-49FF-BCB2-324FCC4210CD}"
EndProject
Project("{9A19103F-16F7-4668-BE54-9A1E7A4F7556}") = "Zhaoxi.SmartParking.Server.EFCore", "Server\Zhaoxi.SmartParking.Server.EFCore\Zhaoxi.SmartParking.Server.EFCore.csproj", "{4F43EA1F-C980-40AC-9370-200DE273FEB8}"
EndProject
Project("{9A19103F-16F7-4668-BE54-9A1E7A4F7556}") = "Zhaoxi.SmartParking.Server.Models", "Server\Zhaoxi.SmartParking.Server.Models\Zhaoxi.SmartParking.Server.Models.csproj", "{5C8CF0B8-2DCB-4E9C-92EE-57A6D8AEF26B}"
EndProject
Project("{9A19103F-16F7-4668-BE54-9A1E7A4F7556}") = "Zhaoxi.SmartParking.Server.EFContext", "Server\Zhaoxi.SmartParking.Server.EFContext\Zhaoxi.SmartParking.Server.EFContext.csproj", "{1BC00C55-2C4F-4D1A-9D33-741756D28F9E}"
EndProject
Project("{9A19103F-16F7-4668-BE54-9A1E7A4F7556}") = "Zhaoxi.SmartParking.Server.IEFContext", "Server\Zhaoxi.SmartParking.Server.IEFContext\Zhaoxi.SmartParking.Server.IEFContext.csproj", "{81289E01-4BC0-4E67-8A12-AE7915643936}"
EndProject
Project("{9A19103F-16F7-4668-BE54-9A1E7A4F7556}") = "Zhaoxi.SmartParking.Server.Configuration", "Server\Zhaoxi.SmartParking.Server.Configuration\Zhaoxi.SmartParking.Server.Configuration.csproj", "{1C346D5F-3AB3-429D-83E8-F1C33B8F3838}"
EndProject
Project("{9A19103F-16F7-4668-BE54-9A1E7A4F7556}") = "Zhaoxi.SmartParking.Server.IConfiguration", "Server\Zhaoxi.SmartParking.Server.IConfiguration\Zhaoxi.SmartParking.Server.IConfiguration.csproj", "{EBB8A510-65C1-4066-902B-FF7FC5FA6E8E}"
EndProject
Project("{9A19103F-16F7-4668-BE54-9A1E7A4F7556}") = "Zhaoxi.SmartParking.Server.Service", "Server\Zhaoxi.SmartParking.Server.Service\Zhaoxi.SmartParking.Server.Service.csproj", "{1EA7ED31-37E7-4B85-A073-6B3072E49D36}"
EndProject
Project("{9A19103F-16F7-4668-BE54-9A1E7A4F7556}") = "Zhaoxi.SmartParking.Server.IService", "Server\Zhaoxi.SmartParking.Server.IService\Zhaoxi.SmartParking.Server.IService.csproj", "{FB61B3CA-79B3-4C50-985F-DD98620BF1D4}"
EndProject
Project("{9A19103F-16F7-4668-BE54-9A1E7A4F7556}") = "ZHaoxi.SmartParking.Client.Start", "Client\ZHaoxi.SmartParking.Client.Start\ZHaoxi.SmartParking.Client.Start.csproj", "{E11F75DB-760B-41B7-9352-BDAFD0B641F4}"
EndProject
Project("{9A19103F-16F7-4668-BE54-9A1E7A4F7556}") = "Zhaoxi.SmartParking.Client.Common", "Client\Zhaoxi.SmartParking.Client.Common\Zhaoxi.SmartParking.Client.Common.csproj", "{D7870B2A-8475-47C7-8BAA-79725D3A2BDF}"
EndProject
Project("{9A19103F-16F7-4668-BE54-9A1E7A4F7556}") = "Zhaoxi.SmartParking.Client.DAL", "Client\Zhaoxi.SmartParking.Client.DAL\Zhaoxi.SmartParking.Client.DAL.csproj", "{236F036B-B758-4C3A-AD3E-58B3D769950A}"
EndProject
Project("{9A19103F-16F7-4668-BE54-9A1E7A4F7556}") = "Zhaoxi.SmartParking.Client.BLL", "Client\Zhaoxi.SmartParking.Client.BLL\Zhaoxi.SmartParking.Client.BLL.csproj", "{E98C1C48-1D4D-46D7-AB82-4B683767F3E9}"
EndProject
Project("{9A19103F-16F7-4668-BE54-9A1E7A4F7556}") = "Zhaoxi.SmartParking.Client.IDAL", "Client\Zhaoxi.SmartParking.Client.IDAL\Zhaoxi.SmartParking.Client.IDAL.csproj", "{F033EB0A-5FE1-4EFA-8BCE-F671414A91D8}"
EndProject
Project("{9A19103F-16F7-4668-BE54-9A1E7A4F7556}") = "Zhaoxi.SmartParking.Client.IBLL", "Client\Zhaoxi.SmartParking.Client.IBLL\Zhaoxi.SmartParking.Client.IBLL.csproj", "{373201CB-6A4C-44E4-8D8F-63BBA8779F67}"
EndProject
Project("{9A19103F-16F7-4668-BE54-9A1E7A4F7556}") = "Zhaoxi.SmartParking.Client.Entity", "Client\Zhaoxi.SmartParking.Client.Entity\Zhaoxi.SmartParking.Client.Entity.csproj", "{F748C193-C58B-4657-AA81-4577DDC95DE4}"
EndProject
Project("{9A19103F-16F7-4668-BE54-9A1E7A4F7556}") = "Zhaoxi.SmartParking.Client.Assets", "Client\Zhaoxi.SmartParking.Client.Assets\Zhaoxi.SmartParking.Client.Assets.csproj", "{07DF044F-8225-44B3-9CF2-39E233855363}"
EndProject
Project("{9A19103F-16F7-4668-BE54-9A1E7A4F7556}") = "Zhaoxi.SmartParking.Client.MainModule", "Client\Zhaoxi.SmartParking.Client.MainModule\Zhaoxi.SmartParking.Client.MainModule.csproj", "{D926D576-EAAE-4E35-A953-4228CF49E7A2}"
EndProject
Project("{FAE04EC0-301F-11D3-BF4B-00C04F79EFBC}") = "Zhaoxi.SmartParking.Client.BaseModule", "Client\Zhaoxi.SmartParking.Client.BaseModule\Zhaoxi.SmartParking.Client.BaseModule.csproj", "{7F3283F7-1AF5-463F-B241-A128B95CDC80}"
EndProject
Global
	GlobalSection(SolutionConfigurationPlatforms) = preSolution
		Debug|Any CPU = Debug|Any CPU
		Release|Any CPU = Release|Any CPU
	EndGlobalSection
	GlobalSection(ProjectConfigurationPlatforms) = postSolution
		{441C416B-8464-4066-9EED-5BD15EF7070E}.Debug|Any CPU.ActiveCfg = Debug|Any CPU
		{441C416B-8464-4066-9EED-5BD15EF7070E}.Debug|Any CPU.Build.0 = Debug|Any CPU
		{441C416B-8464-4066-9EED-5BD15EF7070E}.Release|Any CPU.ActiveCfg = Release|Any CPU
		{441C416B-8464-4066-9EED-5BD15EF7070E}.Release|Any CPU.Build.0 = Release|Any CPU
		{5DFB94D6-D662-42C7-A67A-A5A65736169A}.Debug|Any CPU.ActiveCfg = Debug|Any CPU
		{5DFB94D6-D662-42C7-A67A-A5A65736169A}.Debug|Any CPU.Build.0 = Debug|Any CPU
		{5DFB94D6-D662-42C7-A67A-A5A65736169A}.Release|Any CPU.ActiveCfg = Release|Any CPU
		{5DFB94D6-D662-42C7-A67A-A5A65736169A}.Release|Any CPU.Build.0 = Release|Any CPU
		{38256539-33CA-4FDE-85D5-219408CAF6ED}.Debug|Any CPU.ActiveCfg = Debug|Any CPU
		{38256539-33CA-4FDE-85D5-219408CAF6ED}.Debug|Any CPU.Build.0 = Debug|Any CPU
		{38256539-33CA-4FDE-85D5-219408CAF6ED}.Release|Any CPU.ActiveCfg = Release|Any CPU
		{38256539-33CA-4FDE-85D5-219408CAF6ED}.Release|Any CPU.Build.0 = Release|Any CPU
		{BB74FFCD-B453-476D-833B-8FF256C4EFDD}.Debug|Any CPU.ActiveCfg = Debug|Any CPU
		{BB74FFCD-B453-476D-833B-8FF256C4EFDD}.Debug|Any CPU.Build.0 = Debug|Any CPU
		{BB74FFCD-B453-476D-833B-8FF256C4EFDD}.Release|Any CPU.ActiveCfg = Release|Any CPU
		{BB74FFCD-B453-476D-833B-8FF256C4EFDD}.Release|Any CPU.Build.0 = Release|Any CPU
		{EB2751E7-E559-4C64-B3B0-B9BF629D53C9}.Debug|Any CPU.ActiveCfg = Debug|Any CPU
		{EB2751E7-E559-4C64-B3B0-B9BF629D53C9}.Debug|Any CPU.Build.0 = Debug|Any CPU
		{EB2751E7-E559-4C64-B3B0-B9BF629D53C9}.Release|Any CPU.ActiveCfg = Release|Any CPU
		{EB2751E7-E559-4C64-B3B0-B9BF629D53C9}.Release|Any CPU.Build.0 = Release|Any CPU
		{95EB505A-5E92-49FF-BCB2-324FCC4210CD}.Debug|Any CPU.ActiveCfg = Debug|Any CPU
		{95EB505A-5E92-49FF-BCB2-324FCC4210CD}.Debug|Any CPU.Build.0 = Debug|Any CPU
		{95EB505A-5E92-49FF-BCB2-324FCC4210CD}.Release|Any CPU.ActiveCfg = Release|Any CPU
		{95EB505A-5E92-49FF-BCB2-324FCC4210CD}.Release|Any CPU.Build.0 = Release|Any CPU
		{4F43EA1F-C980-40AC-9370-200DE273FEB8}.Debug|Any CPU.ActiveCfg = Debug|Any CPU
		{4F43EA1F-C980-40AC-9370-200DE273FEB8}.Debug|Any CPU.Build.0 = Debug|Any CPU
		{4F43EA1F-C980-40AC-9370-200DE273FEB8}.Release|Any CPU.ActiveCfg = Release|Any CPU
		{4F43EA1F-C980-40AC-9370-200DE273FEB8}.Release|Any CPU.Build.0 = Release|Any CPU
		{5C8CF0B8-2DCB-4E9C-92EE-57A6D8AEF26B}.Debug|Any CPU.ActiveCfg = Debug|Any CPU
		{5C8CF0B8-2DCB-4E9C-92EE-57A6D8AEF26B}.Debug|Any CPU.Build.0 = Debug|Any CPU
		{5C8CF0B8-2DCB-4E9C-92EE-57A6D8AEF26B}.Release|Any CPU.ActiveCfg = Release|Any CPU
		{5C8CF0B8-2DCB-4E9C-92EE-57A6D8AEF26B}.Release|Any CPU.Build.0 = Release|Any CPU
		{1BC00C55-2C4F-4D1A-9D33-741756D28F9E}.Debug|Any CPU.ActiveCfg = Debug|Any CPU
		{1BC00C55-2C4F-4D1A-9D33-741756D28F9E}.Debug|Any CPU.Build.0 = Debug|Any CPU
		{1BC00C55-2C4F-4D1A-9D33-741756D28F9E}.Release|Any CPU.ActiveCfg = Release|Any CPU
		{1BC00C55-2C4F-4D1A-9D33-741756D28F9E}.Release|Any CPU.Build.0 = Release|Any CPU
		{81289E01-4BC0-4E67-8A12-AE7915643936}.Debug|Any CPU.ActiveCfg = Debug|Any CPU
		{81289E01-4BC0-4E67-8A12-AE7915643936}.Debug|Any CPU.Build.0 = Debug|Any CPU
		{81289E01-4BC0-4E67-8A12-AE7915643936}.Release|Any CPU.ActiveCfg = Release|Any CPU
		{81289E01-4BC0-4E67-8A12-AE7915643936}.Release|Any CPU.Build.0 = Release|Any CPU
		{1C346D5F-3AB3-429D-83E8-F1C33B8F3838}.Debug|Any CPU.ActiveCfg = Debug|Any CPU
		{1C346D5F-3AB3-429D-83E8-F1C33B8F3838}.Debug|Any CPU.Build.0 = Debug|Any CPU
		{1C346D5F-3AB3-429D-83E8-F1C33B8F3838}.Release|Any CPU.ActiveCfg = Release|Any CPU
		{1C346D5F-3AB3-429D-83E8-F1C33B8F3838}.Release|Any CPU.Build.0 = Release|Any CPU
		{EBB8A510-65C1-4066-902B-FF7FC5FA6E8E}.Debug|Any CPU.ActiveCfg = Debug|Any CPU
		{EBB8A510-65C1-4066-902B-FF7FC5FA6E8E}.Debug|Any CPU.Build.0 = Debug|Any CPU
		{EBB8A510-65C1-4066-902B-FF7FC5FA6E8E}.Release|Any CPU.ActiveCfg = Release|Any CPU
		{EBB8A510-65C1-4066-902B-FF7FC5FA6E8E}.Release|Any CPU.Build.0 = Release|Any CPU
		{1EA7ED31-37E7-4B85-A073-6B3072E49D36}.Debug|Any CPU.ActiveCfg = Debug|Any CPU
		{1EA7ED31-37E7-4B85-A073-6B3072E49D36}.Debug|Any CPU.Build.0 = Debug|Any CPU
		{1EA7ED31-37E7-4B85-A073-6B3072E49D36}.Release|Any CPU.ActiveCfg = Release|Any CPU
		{1EA7ED31-37E7-4B85-A073-6B3072E49D36}.Release|Any CPU.Build.0 = Release|Any CPU
		{FB61B3CA-79B3-4C50-985F-DD98620BF1D4}.Debug|Any CPU.ActiveCfg = Debug|Any CPU
		{FB61B3CA-79B3-4C50-985F-DD98620BF1D4}.Debug|Any CPU.Build.0 = Debug|Any CPU
		{FB61B3CA-79B3-4C50-985F-DD98620BF1D4}.Release|Any CPU.ActiveCfg = Release|Any CPU
		{FB61B3CA-79B3-4C50-985F-DD98620BF1D4}.Release|Any CPU.Build.0 = Release|Any CPU
		{E11F75DB-760B-41B7-9352-BDAFD0B641F4}.Debug|Any CPU.ActiveCfg = Debug|Any CPU
		{E11F75DB-760B-41B7-9352-BDAFD0B641F4}.Debug|Any CPU.Build.0 = Debug|Any CPU
		{E11F75DB-760B-41B7-9352-BDAFD0B641F4}.Release|Any CPU.ActiveCfg = Release|Any CPU
		{E11F75DB-760B-41B7-9352-BDAFD0B641F4}.Release|Any CPU.Build.0 = Release|Any CPU
		{D7870B2A-8475-47C7-8BAA-79725D3A2BDF}.Debug|Any CPU.ActiveCfg = Debug|Any CPU
		{D7870B2A-8475-47C7-8BAA-79725D3A2BDF}.Debug|Any CPU.Build.0 = Debug|Any CPU
		{D7870B2A-8475-47C7-8BAA-79725D3A2BDF}.Release|Any CPU.ActiveCfg = Release|Any CPU
		{D7870B2A-8475-47C7-8BAA-79725D3A2BDF}.Release|Any CPU.Build.0 = Release|Any CPU
		{236F036B-B758-4C3A-AD3E-58B3D769950A}.Debug|Any CPU.ActiveCfg = Debug|Any CPU
		{236F036B-B758-4C3A-AD3E-58B3D769950A}.Debug|Any CPU.Build.0 = Debug|Any CPU
		{236F036B-B758-4C3A-AD3E-58B3D769950A}.Release|Any CPU.ActiveCfg = Release|Any CPU
		{236F036B-B758-4C3A-AD3E-58B3D769950A}.Release|Any CPU.Build.0 = Release|Any CPU
		{E98C1C48-1D4D-46D7-AB82-4B683767F3E9}.Debug|Any CPU.ActiveCfg = Debug|Any CPU
		{E98C1C48-1D4D-46D7-AB82-4B683767F3E9}.Debug|Any CPU.Build.0 = Debug|Any CPU
		{E98C1C48-1D4D-46D7-AB82-4B683767F3E9}.Release|Any CPU.ActiveCfg = Release|Any CPU
		{E98C1C48-1D4D-46D7-AB82-4B683767F3E9}.Release|Any CPU.Build.0 = Release|Any CPU
		{F033EB0A-5FE1-4EFA-8BCE-F671414A91D8}.Debug|Any CPU.ActiveCfg = Debug|Any CPU
		{F033EB0A-5FE1-4EFA-8BCE-F671414A91D8}.Debug|Any CPU.Build.0 = Debug|Any CPU
		{F033EB0A-5FE1-4EFA-8BCE-F671414A91D8}.Release|Any CPU.ActiveCfg = Release|Any CPU
		{F033EB0A-5FE1-4EFA-8BCE-F671414A91D8}.Release|Any CPU.Build.0 = Release|Any CPU
		{373201CB-6A4C-44E4-8D8F-63BBA8779F67}.Debug|Any CPU.ActiveCfg = Debug|Any CPU
		{373201CB-6A4C-44E4-8D8F-63BBA8779F67}.Debug|Any CPU.Build.0 = Debug|Any CPU
		{373201CB-6A4C-44E4-8D8F-63BBA8779F67}.Release|Any CPU.ActiveCfg = Release|Any CPU
		{373201CB-6A4C-44E4-8D8F-63BBA8779F67}.Release|Any CPU.Build.0 = Release|Any CPU
		{F748C193-C58B-4657-AA81-4577DDC95DE4}.Debug|Any CPU.ActiveCfg = Debug|Any CPU
		{F748C193-C58B-4657-AA81-4577DDC95DE4}.Debug|Any CPU.Build.0 = Debug|Any CPU
		{F748C193-C58B-4657-AA81-4577DDC95DE4}.Release|Any CPU.ActiveCfg = Release|Any CPU
		{F748C193-C58B-4657-AA81-4577DDC95DE4}.Release|Any CPU.Build.0 = Release|Any CPU
		{07DF044F-8225-44B3-9CF2-39E233855363}.Debug|Any CPU.ActiveCfg = Debug|Any CPU
		{07DF044F-8225-44B3-9CF2-39E233855363}.Debug|Any CPU.Build.0 = Debug|Any CPU
		{07DF044F-8225-44B3-9CF2-39E233855363}.Release|Any CPU.ActiveCfg = Release|Any CPU
		{07DF044F-8225-44B3-9CF2-39E233855363}.Release|Any CPU.Build.0 = Release|Any CPU
		{D926D576-EAAE-4E35-A953-4228CF49E7A2}.Debug|Any CPU.ActiveCfg = Debug|Any CPU
		{D926D576-EAAE-4E35-A953-4228CF49E7A2}.Debug|Any CPU.Build.0 = Debug|Any CPU
		{D926D576-EAAE-4E35-A953-4228CF49E7A2}.Release|Any CPU.ActiveCfg = Release|Any CPU
		{D926D576-EAAE-4E35-A953-4228CF49E7A2}.Release|Any CPU.Build.0 = Release|Any CPU
		{7F3283F7-1AF5-463F-B241-A128B95CDC80}.Debug|Any CPU.ActiveCfg = Debug|Any CPU
		{7F3283F7-1AF5-463F-B241-A128B95CDC80}.Debug|Any CPU.Build.0 = Debug|Any CPU
		{7F3283F7-1AF5-463F-B241-A128B95CDC80}.Release|Any CPU.ActiveCfg = Release|Any CPU
		{7F3283F7-1AF5-463F-B241-A128B95CDC80}.Release|Any CPU.Build.0 = Release|Any CPU
	EndGlobalSection
	GlobalSection(SolutionProperties) = preSolution
		HideSolutionNode = FALSE
	EndGlobalSection
	GlobalSection(NestedProjects) = preSolution
		{60FF09EB-8029-4B97-A30A-740EFA2C2CE7} = {AFEA7B7B-AE8A-4C89-9B27-C35FE4564F28}
		{C0A6A49B-268B-4D22-AE9C-41C433269FB5} = {AFEA7B7B-AE8A-4C89-9B27-C35FE4564F28}
		{589D1AF6-261A-4AF9-ABB3-AE02A2314239} = {AFEA7B7B-AE8A-4C89-9B27-C35FE4564F28}
		{51A069DA-BC86-49D1-9917-E8ED82F865BA} = {AFEA7B7B-AE8A-4C89-9B27-C35FE4564F28}
		{7E9AE774-F4A8-4499-9BBE-C54C09D0B8AE} = {AFEA7B7B-AE8A-4C89-9B27-C35FE4564F28}
		{2010CE33-784B-4A17-B9A3-4E238F3C13E4} = {AFEA7B7B-AE8A-4C89-9B27-C35FE4564F28}
		{BB37F148-906E-444D-8FC9-6B1D32B3467B} = {F2746ACA-0404-427C-953E-562A6D2B263F}
		{F3FD4180-76BA-4AB3-87B3-BBFF6B2CE53D} = {F2746ACA-0404-427C-953E-562A6D2B263F}
		{63C25387-8847-4350-ADD8-6ACCD2794A65} = {F2746ACA-0404-427C-953E-562A6D2B263F}
		{4527BB49-EA8E-45DE-B1FC-0AF8C61EE074} = {F2746ACA-0404-427C-953E-562A6D2B263F}
		{95EB505A-5E92-49FF-BCB2-324FCC4210CD} = {BB37F148-906E-444D-8FC9-6B1D32B3467B}
		{4F43EA1F-C980-40AC-9370-200DE273FEB8} = {63C25387-8847-4350-ADD8-6ACCD2794A65}
		{5C8CF0B8-2DCB-4E9C-92EE-57A6D8AEF26B} = {4527BB49-EA8E-45DE-B1FC-0AF8C61EE074}
		{1BC00C55-2C4F-4D1A-9D33-741756D28F9E} = {63C25387-8847-4350-ADD8-6ACCD2794A65}
		{81289E01-4BC0-4E67-8A12-AE7915643936} = {63C25387-8847-4350-ADD8-6ACCD2794A65}
		{1C346D5F-3AB3-429D-83E8-F1C33B8F3838} = {4527BB49-EA8E-45DE-B1FC-0AF8C61EE074}
		{EBB8A510-65C1-4066-902B-FF7FC5FA6E8E} = {4527BB49-EA8E-45DE-B1FC-0AF8C61EE074}
		{1EA7ED31-37E7-4B85-A073-6B3072E49D36} = {F3FD4180-76BA-4AB3-87B3-BBFF6B2CE53D}
		{FB61B3CA-79B3-4C50-985F-DD98620BF1D4} = {F3FD4180-76BA-4AB3-87B3-BBFF6B2CE53D}
		{E11F75DB-760B-41B7-9352-BDAFD0B641F4} = {60FF09EB-8029-4B97-A30A-740EFA2C2CE7}
		{D7870B2A-8475-47C7-8BAA-79725D3A2BDF} = {2010CE33-784B-4A17-B9A3-4E238F3C13E4}
		{236F036B-B758-4C3A-AD3E-58B3D769950A} = {51A069DA-BC86-49D1-9917-E8ED82F865BA}
		{E98C1C48-1D4D-46D7-AB82-4B683767F3E9} = {589D1AF6-261A-4AF9-ABB3-AE02A2314239}
		{F033EB0A-5FE1-4EFA-8BCE-F671414A91D8} = {51A069DA-BC86-49D1-9917-E8ED82F865BA}
		{373201CB-6A4C-44E4-8D8F-63BBA8779F67} = {589D1AF6-261A-4AF9-ABB3-AE02A2314239}
		{F748C193-C58B-4657-AA81-4577DDC95DE4} = {7E9AE774-F4A8-4499-9BBE-C54C09D0B8AE}
		{07DF044F-8225-44B3-9CF2-39E233855363} = {2010CE33-784B-4A17-B9A3-4E238F3C13E4}
		{D926D576-EAAE-4E35-A953-4228CF49E7A2} = {C0A6A49B-268B-4D22-AE9C-41C433269FB5}
		{7F3283F7-1AF5-463F-B241-A128B95CDC80} = {C0A6A49B-268B-4D22-AE9C-41C433269FB5}
	EndGlobalSection
	GlobalSection(ExtensibilityGlobals) = postSolution
		SolutionGuid = {26F84C85-5206-4B6A-9A9B-CAC4F3013435}
	EndGlobalSection
EndGlobal
